
Microsoft Visual Studio Solution File, Format Version 12.00
# Visual Studio 15
VisualStudioVersion = 15.0.26124.0
MinimumVisualStudioVersion = 15.0.26124.0
Project("{2150E333-8FDC-42A3-9474-1A3956D46DE8}") = "src", "src", "{836703C7-D431-41D4-9FAF-8C8B92B7149C}"
EndProject
Project("{FAE04EC0-301F-11D3-BF4B-00C04F79EFBC}") = "MemoryExpress.Web", "src\MemoryExpress.Web\MemoryExpress.Web.csproj", "{049E890C-6A51-4B10-80EA-AD96A6C38A0C}"
EndProject
Project("{FAE04EC0-301F-11D3-BF4B-00C04F79EFBC}") = "MemoryExpress.Core", "src\MemoryExpress.Core\MemoryExpress.Core.csproj", "{89F184EE-A6D6-49AA-BC73-226582AE9CF3}"
EndProject
Project("{FAE04EC0-301F-11D3-BF4B-00C04F79EFBC}") = "MemoryExpress.Infrastructure", "src\MemoryExpress.Infrastructure\MemoryExpress.Infrastructure.csproj", "{24ED5773-2A3B-43C8-A447-ECF7F34B29B1}"
EndProject
Global
	GlobalSection(SolutionConfigurationPlatforms) = preSolution
		Debug|Any CPU = Debug|Any CPU
		Debug|x64 = Debug|x64
		Debug|x86 = Debug|x86
		Release|Any CPU = Release|Any CPU
		Release|x64 = Release|x64
		Release|x86 = Release|x86
	EndGlobalSection
	GlobalSection(SolutionProperties) = preSolution
		HideSolutionNode = FALSE
	EndGlobalSection
	GlobalSection(ProjectConfigurationPlatforms) = postSolution
		{049E890C-6A51-4B10-80EA-AD96A6C38A0C}.Debug|Any CPU.ActiveCfg = Debug|Any CPU
		{049E890C-6A51-4B10-80EA-AD96A6C38A0C}.Debug|Any CPU.Build.0 = Debug|Any CPU
		{049E890C-6A51-4B10-80EA-AD96A6C38A0C}.Debug|x64.ActiveCfg = Debug|Any CPU
		{049E890C-6A51-4B10-80EA-AD96A6C38A0C}.Debug|x64.Build.0 = Debug|Any CPU
		{049E890C-6A51-4B10-80EA-AD96A6C38A0C}.Debug|x86.ActiveCfg = Debug|Any CPU
		{049E890C-6A51-4B10-80EA-AD96A6C38A0C}.Debug|x86.Build.0 = Debug|Any CPU
		{049E890C-6A51-4B10-80EA-AD96A6C38A0C}.Release|Any CPU.ActiveCfg = Release|Any CPU
		{049E890C-6A51-4B10-80EA-AD96A6C38A0C}.Release|Any CPU.Build.0 = Release|Any CPU
		{049E890C-6A51-4B10-80EA-AD96A6C38A0C}.Release|x64.ActiveCfg = Release|Any CPU
		{049E890C-6A51-4B10-80EA-AD96A6C38A0C}.Release|x64.Build.0 = Release|Any CPU
		{049E890C-6A51-4B10-80EA-AD96A6C38A0C}.Release|x86.ActiveCfg = Release|Any CPU
		{049E890C-6A51-4B10-80EA-AD96A6C38A0C}.Release|x86.Build.0 = Release|Any CPU
		{89F184EE-A6D6-49AA-BC73-226582AE9CF3}.Debug|Any CPU.ActiveCfg = Debug|Any CPU
		{89F184EE-A6D6-49AA-BC73-226582AE9CF3}.Debug|Any CPU.Build.0 = Debug|Any CPU
		{89F184EE-A6D6-49AA-BC73-226582AE9CF3}.Debug|x64.ActiveCfg = Debug|Any CPU
		{89F184EE-A6D6-49AA-BC73-226582AE9CF3}.Debug|x64.Build.0 = Debug|Any CPU
		{89F184EE-A6D6-49AA-BC73-226582AE9CF3}.Debug|x86.ActiveCfg = Debug|Any CPU
		{89F184EE-A6D6-49AA-BC73-226582AE9CF3}.Debug|x86.Build.0 = Debug|Any CPU
		{89F184EE-A6D6-49AA-BC73-226582AE9CF3}.Release|Any CPU.ActiveCfg = Release|Any CPU
		{89F184EE-A6D6-49AA-BC73-226582AE9CF3}.Release|Any CPU.Build.0 = Release|Any CPU
		{89F184EE-A6D6-49AA-BC73-226582AE9CF3}.Release|x64.ActiveCfg = Release|Any CPU
		{89F184EE-A6D6-49AA-BC73-226582AE9CF3}.Release|x64.Build.0 = Release|Any CPU
		{89F184EE-A6D6-49AA-BC73-226582AE9CF3}.Release|x86.ActiveCfg = Release|Any CPU
		{89F184EE-A6D6-49AA-BC73-226582AE9CF3}.Release|x86.Build.0 = Release|Any CPU
		{24ED5773-2A3B-43C8-A447-ECF7F34B29B1}.Debug|Any CPU.ActiveCfg = Debug|Any CPU
		{24ED5773-2A3B-43C8-A447-ECF7F34B29B1}.Debug|Any CPU.Build.0 = Debug|Any CPU
		{24ED5773-2A3B-43C8-A447-ECF7F34B29B1}.Debug|x64.ActiveCfg = Debug|Any CPU
		{24ED5773-2A3B-43C8-A447-ECF7F34B29B1}.Debug|x64.Build.0 = Debug|Any CPU
		{24ED5773-2A3B-43C8-A447-ECF7F34B29B1}.Debug|x86.ActiveCfg = Debug|Any CPU
		{24ED5773-2A3B-43C8-A447-ECF7F34B29B1}.Debug|x86.Build.0 = Debug|Any CPU
		{24ED5773-2A3B-43C8-A447-ECF7F34B29B1}.Release|Any CPU.ActiveCfg = Release|Any CPU
		{24ED5773-2A3B-43C8-A447-ECF7F34B29B1}.Release|Any CPU.Build.0 = Release|Any CPU
		{24ED5773-2A3B-43C8-A447-ECF7F34B29B1}.Release|x64.ActiveCfg = Release|Any CPU
		{24ED5773-2A3B-43C8-A447-ECF7F34B29B1}.Release|x64.Build.0 = Release|Any CPU
		{24ED5773-2A3B-43C8-A447-ECF7F34B29B1}.Release|x86.ActiveCfg = Release|Any CPU
		{24ED5773-2A3B-43C8-A447-ECF7F34B29B1}.Release|x86.Build.0 = Release|Any CPU
	EndGlobalSection
	GlobalSection(NestedProjects) = preSolution
		{049E890C-6A51-4B10-80EA-AD96A6C38A0C} = {836703C7-D431-41D4-9FAF-8C8B92B7149C}
		{89F184EE-A6D6-49AA-BC73-226582AE9CF3} = {836703C7-D431-41D4-9FAF-8C8B92B7149C}
		{24ED5773-2A3B-43C8-A447-ECF7F34B29B1} = {836703C7-D431-41D4-9FAF-8C8B92B7149C}
	EndGlobalSection
EndGlobal
